
Microsoft Visual Studio Solution File, Format Version 12.00
# Visual Studio 15
VisualStudioVersion = 15.0.26730.15
MinimumVisualStudioVersion = 10.0.40219.1
Project("{8BC9CEB8-8B4A-11D0-8D11-00A0C91BC942}") = "OmegaChessEngine", "OmegaChessEngine\OmegaChessEngine.vcxproj", "{CABE83D9-A556-4FA9-9416-50AB0346396E}"
EndProject
Project("{8BC9CEB8-8B4A-11D0-8D11-00A0C91BC942}") = "UnitTests", "UnitTests\UnitTests.vcxproj", "{71642365-DDF5-4AAB-98BD-C9433B401088}"
EndProject
Global
	GlobalSection(SolutionConfigurationPlatforms) = preSolution
		Debug|x64 = Debug|x64
		Debug|x86 = Debug|x86
		Release|x64 = Release|x64
		Release|x86 = Release|x86
	EndGlobalSection
	GlobalSection(ProjectConfigurationPlatforms) = postSolution
		{CABE83D9-A556-4FA9-9416-50AB0346396E}.Debug|x64.ActiveCfg = Debug|x64
		{CABE83D9-A556-4FA9-9416-50AB0346396E}.Debug|x64.Build.0 = Debug|x64
		{CABE83D9-A556-4FA9-9416-50AB0346396E}.Debug|x86.ActiveCfg = Debug|Win32
		{CABE83D9-A556-4FA9-9416-50AB0346396E}.Debug|x86.Build.0 = Debug|Win32
		{CABE83D9-A556-4FA9-9416-50AB0346396E}.Release|x64.ActiveCfg = Release|x64
		{CABE83D9-A556-4FA9-9416-50AB0346396E}.Release|x64.Build.0 = Release|x64
		{CABE83D9-A556-4FA9-9416-50AB0346396E}.Release|x86.ActiveCfg = Release|Win32
		{CABE83D9-A556-4FA9-9416-50AB0346396E}.Release|x86.Build.0 = Release|Win32
		{71642365-DDF5-4AAB-98BD-C9433B401088}.Debug|x64.ActiveCfg = Debug|x64
		{71642365-DDF5-4AAB-98BD-C9433B401088}.Debug|x64.Build.0 = Debug|x64
		{71642365-DDF5-4AAB-98BD-C9433B401088}.Debug|x86.ActiveCfg = Debug|Win32
		{71642365-DDF5-4AAB-98BD-C9433B401088}.Debug|x86.Build.0 = Debug|Win32
		{71642365-DDF5-4AAB-98BD-C9433B401088}.Release|x64.ActiveCfg = Release|x64
		{71642365-DDF5-4AAB-98BD-C9433B401088}.Release|x64.Build.0 = Release|x64
		{71642365-DDF5-4AAB-98BD-C9433B401088}.Release|x86.ActiveCfg = Release|Win32
		{71642365-DDF5-4AAB-98BD-C9433B401088}.Release|x86.Build.0 = Release|Win32
	EndGlobalSection
	GlobalSection(SolutionProperties) = preSolution
		HideSolutionNode = FALSE
	EndGlobalSection
	GlobalSection(ExtensibilityGlobals) = postSolution
		SolutionGuid = {2CDBBE2A-ADF4-4D6A-8D9B-AEA01C069ACB}
	EndGlobalSection
EndGlobal
