<?xml version="1.0" encoding="utf-8"?>
<Project ToolsVersion="4.0" xmlns="http://schemas.microsoft.com/developer/msbuild/2003">
  <ItemGroup>
    <Filter Include="Source Files">
      <UniqueIdentifier>{4FC737F1-C7A5-4376-A066-2A32D752A2FF}</UniqueIdentifier>
      <Extensions>cpp;c;cc;cxx;def;odl;idl;hpj;bat;asm;asmx</Extensions>
    </Filter>
    <Filter Include="Header Files">
      <UniqueIdentifier>{93995380-89BD-4b04-88EB-625FBE52EBFB}</UniqueIdentifier>
      <Extensions>h;hh;hpp;hxx;hm;inl;inc;xsd</Extensions>
    </Filter>
    <Filter Include="Resource Files">
      <UniqueIdentifier>{67DA6AB6-F800-4c08-8B7A-83BB121AAD01}</UniqueIdentifier>
      <Extensions>rc;ico;cur;bmp;dlg;rc2;rct;bin;rgs;gif;jpg;jpeg;jpe;resx;tiff;tif;png;wav;mfcribbon-ms</Extensions>
    </Filter>
    <Filter Include="Header Files\BoardRepresentation">
      <UniqueIdentifier>{f26c91e7-f132-4711-a2f7-bd3b029f2124}</UniqueIdentifier>
    </Filter>
    <Filter Include="Source Files\BoardRepresentation">
      <UniqueIdentifier>{0815b072-7e0f-4cec-8f73-0ad79cff511c}</UniqueIdentifier>
    </Filter>
    <Filter Include="Header Files\Move Generation">
      <UniqueIdentifier>{4f0b072f-8fd4-4844-9a75-9086de06dde8}</UniqueIdentifier>
    </Filter>
    <Filter Include="Header Files\Evaluation">
      <UniqueIdentifier>{1a82e722-2240-492a-bf9d-52ed7ec259b6}</UniqueIdentifier>
    </Filter>
    <Filter Include="Header Files\Search">
      <UniqueIdentifier>{cdcaf151-cabe-4734-b899-9aa8f8519082}</UniqueIdentifier>
    </Filter>
    <Filter Include="Source Files\Evaluation">
      <UniqueIdentifier>{1234766b-b35a-4120-a2ec-92885f55f8c3}</UniqueIdentifier>
    </Filter>
    <Filter Include="Source Files\Search">
      <UniqueIdentifier>{402e53ff-b4f4-46f9-8b6f-a3a33db54f65}</UniqueIdentifier>
    </Filter>
    <Filter Include="Source Files\MoveGeneration">
      <UniqueIdentifier>{4eb28513-fc5f-4e96-931c-fed7c17c1adb}</UniqueIdentifier>
    </Filter>
    <Filter Include="Header Files\Protocols">
      <UniqueIdentifier>{c0deaae7-e109-445f-865c-e07a5ea560f7}</UniqueIdentifier>
    </Filter>
    <Filter Include="Source Files\Protocols">
      <UniqueIdentifier>{ecf09575-6aef-44e7-998c-9d35b4e300d2}</UniqueIdentifier>
    </Filter>
  </ItemGroup>
  <ItemGroup>
    <ClCompile Include="BoardRepresentation.cpp">
      <Filter>Source Files\BoardRepresentation</Filter>
    </ClCompile>
    <ClCompile Include="Piece.cpp">
      <Filter>Source Files\BoardRepresentation</Filter>
    </ClCompile>
    <ClCompile Include="MoveGeneration.cpp">
      <Filter>Source Files\MoveGeneration</Filter>
    </ClCompile>
    <ClCompile Include="Main.cpp">
      <Filter>Source Files</Filter>
    </ClCompile>
    <ClCompile Include="Evaluation.cpp">
      <Filter>Source Files\Evaluation</Filter>
    </ClCompile>
    <ClCompile Include="UCIProtocol.cpp">
      <Filter>Source Files\Protocols</Filter>
    </ClCompile>
    <ClCompile Include="Timer.cpp">
      <Filter>Source Files\Search</Filter>
    </ClCompile>
    <ClCompile Include="Search.cpp">
      <Filter>Source Files\Search</Filter>
    </ClCompile>
    <ClCompile Include="AlphaBeta.cpp">
      <Filter>Source Files\Search</Filter>
    </ClCompile>
  </ItemGroup>
  <ItemGroup>
    <ClInclude Include="BoardRepresentation.h">
      <Filter>Header Files\BoardRepresentation</Filter>
    </ClInclude>
    <ClInclude Include="Piece.h">
      <Filter>Header Files\BoardRepresentation</Filter>
    </ClInclude>
    <ClInclude Include="Move.h">
      <Filter>Header Files\Move Generation</Filter>
    </ClInclude>
    <ClInclude Include="MoveGeneration.hpp">
      <Filter>Header Files\Move Generation</Filter>
    </ClInclude>
    <ClInclude Include="Evaluation.h">
      <Filter>Header Files\Evaluation</Filter>
    </ClInclude>
    <ClInclude Include="UCIProtocol.h">
      <Filter>Header Files\Protocols</Filter>
    </ClInclude>
    <ClInclude Include="Timer.h">
      <Filter>Header Files\Search</Filter>
    </ClInclude>
    <ClInclude Include="Search.h">
      <Filter>Header Files\Search</Filter>
    </ClInclude>
    <ClInclude Include="AlphaBeta.h">
      <Filter>Header Files\Search</Filter>
    </ClInclude>
  </ItemGroup>
</Project>